{
  "name": "ascz-monorepo",
  "version": "1.0.0",
  "lockfileVersion": 3,
  "requires": true,
  "packages": {
    "": {
      "name": "ascz-monorepo",
      "workspaces": [
        "Atoolkit",
        "WeebGfx"
      ],
      "devDependencies": {
        "@webgpu/types": "^0.1.71",
        "typescript": "^5.4.0"
      }
    },
    "Atoolkit": {
      "name": "@asciiz/atoolkit",
      "version": "0.1.0",
      "devDependencies": {
        "@webgpu/types": "^0.1.71",
        "typescript": "^5.4.0"
      }
    },
    "node_modules/@asciiz/atoolkit": {
      "resolved": "Atoolkit",
      "link": true
    },
    "node_modules/@asciiz/weebgfx": {
      "resolved": "WeebGfx",
      "link": true
    },
    "node_modules/@webgpu/types": {
      "version": "0.1.71",
      "resolved": "https://registry.npmjs.org/@webgpu/types/-/types-0.1.71.tgz",
      "integrity": "sha512-mMy8/ODcKhab808co15eW+yN+HgXoQxRQHTiBV9Mrvl1r0ufnid7YOcI+gi4eUWSWl9ezD6TW2KXccrL8HCh2A==",
      "dev": true
    },
    "node_modules/typescript": {
      "version": "5.9.3",
      "resolved": "https://registry.npmjs.org/typescript/-/typescript-5.9.3.tgz",
      "integrity": "sha512-jl1vZzPDinLr9eUt3J/t7V6FgNEw9QjvBPdysz9KfQDD41fQrC2Y4vKQdiaUpFT4bXlb1RHhLpp8wtm6M5TgSw==",
      "dev": true,
      "bin": {
        "tsc": "bin/tsc",
        "tsserver": "bin/tsserver"
      },
      "engines": {
        "node": ">=14.17"
      }
    },
    "WeebGfx": {
      "name": "@asciiz/weebgfx",
      "version": "0.1.0",
      "dependencies": {
        "@asciiz/atoolkit": "^0.1.0"
      },
      "devDependencies": {
        "@webgpu/types": "^0.1.71",
        "typescript": "^5.4.0"
      },
      "peerDependencies": {
        "@asciiz/atoolkit": "^0.1.0"
      }
    }
  }
}
